
Microsoft Visual Studio Solution File, Format Version 12.00
# Visual Studio 14
VisualStudioVersion = 14.0.25123.0
MinimumVisualStudioVersion = 10.0.40219.1
Project("{FAE04EC0-301F-11D3-BF4B-00C04F79EFBC}") = "StaticStudy", "StaticStudy\StaticStudy.csproj", "{AABBFEBA-C3B2-48CC-9CB3-3B0D82D56897}"
EndProject
Project("{FAE04EC0-301F-11D3-BF4B-00C04F79EFBC}") = "ExcelOperationStudy", "ExcelOperationStudy\ExcelOperationStudy.csproj", "{934B460D-E20E-4BE9-B85D-30F64A7BE483}"
EndProject
Project("{FAE04EC0-301F-11D3-BF4B-00C04F79EFBC}") = "UnityStudy", "UnityStudy\UnityStudy.csproj", "{396B07D1-7615-40D6-9FF3-917A2455863E}"
EndProject
Project("{FAE04EC0-301F-11D3-BF4B-00C04F79EFBC}") = "AlgorithmStudy", "AlgorithmStudy\AlgorithmStudy.csproj", "{224ED0C6-D3C1-4942-A7E2-8FA3DE3F2CA6}"
EndProject
Project("{FAE04EC0-301F-11D3-BF4B-00C04F79EFBC}") = "WindowsFormsApplicationTrial", "WindowsFormsApplicationTrial\WindowsFormsApplicationTrial.csproj", "{9E2E0149-8D32-4E9F-A15B-60A0F6C08111}"
EndProject
Project("{FAE04EC0-301F-11D3-BF4B-00C04F79EFBC}") = "WpfApplicationTrial", "WpfApplicationTrial\WpfApplicationTrial.csproj", "{B7E6FDC3-6BFB-45D0-869B-E345BFD14CBA}"
EndProject
Project("{FAE04EC0-301F-11D3-BF4B-00C04F79EFBC}") = "LXXCommon", "LXXCommon\LXXCommon.csproj", "{4A1EDF8A-5F73-4A39-A48B-FD8B5B429B33}"
EndProject
Project("{FAE04EC0-301F-11D3-BF4B-00C04F79EFBC}") = "LXXTestSite", "LXXTestSite\LXXTestSite.csproj", "{B3F96701-507E-4BBB-A350-1AD28542652F}"
EndProject
Project("{FAE04EC0-301F-11D3-BF4B-00C04F79EFBC}") = "LXXTestSite.Tests", "LXXTestSite.Tests\LXXTestSite.Tests.csproj", "{35BEE1D0-B47F-4CFE-8C7D-BAD27E37F4C6}"
EndProject
Project("{FAE04EC0-301F-11D3-BF4B-00C04F79EFBC}") = "PDFSharpTrialConsole", "PDFSharpTrialConsole\PDFSharpTrialConsole.csproj", "{AEFE5130-7D59-4021-AF27-9FCA0FF5D3C2}"
EndProject
Project("{FAE04EC0-301F-11D3-BF4B-00C04F79EFBC}") = "AutomationUITest", "AutomationUITest\AutomationUITest.csproj", "{3A07E362-AE85-4ECF-A95A-2561E672213A}"
EndProject
Project("{F184B08F-C81C-45F6-A57F-5ABD9991F28F}") = "ForVBA", "ForVBA\ForVBA.vbproj", "{E52AB878-CA1D-4CC7-AABC-D1C6EE437A4D}"
EndProject
Global
	GlobalSection(SolutionConfigurationPlatforms) = preSolution
		Ad-Hoc|Any CPU = Ad-Hoc|Any CPU
		Ad-Hoc|ARM = Ad-Hoc|ARM
		Ad-Hoc|iPhone = Ad-Hoc|iPhone
		Ad-Hoc|iPhoneSimulator = Ad-Hoc|iPhoneSimulator
		Ad-Hoc|x64 = Ad-Hoc|x64
		Ad-Hoc|x86 = Ad-Hoc|x86
		AppStore|Any CPU = AppStore|Any CPU
		AppStore|ARM = AppStore|ARM
		AppStore|iPhone = AppStore|iPhone
		AppStore|iPhoneSimulator = AppStore|iPhoneSimulator
		AppStore|x64 = AppStore|x64
		AppStore|x86 = AppStore|x86
		Debug|Any CPU = Debug|Any CPU
		Debug|ARM = Debug|ARM
		Debug|iPhone = Debug|iPhone
		Debug|iPhoneSimulator = Debug|iPhoneSimulator
		Debug|x64 = Debug|x64
		Debug|x86 = Debug|x86
		Release|Any CPU = Release|Any CPU
		Release|ARM = Release|ARM
		Release|iPhone = Release|iPhone
		Release|iPhoneSimulator = Release|iPhoneSimulator
		Release|x64 = Release|x64
		Release|x86 = Release|x86
	EndGlobalSection
	GlobalSection(ProjectConfigurationPlatforms) = postSolution
		{AABBFEBA-C3B2-48CC-9CB3-3B0D82D56897}.Ad-Hoc|Any CPU.ActiveCfg = Release|Any CPU
		{AABBFEBA-C3B2-48CC-9CB3-3B0D82D56897}.Ad-Hoc|Any CPU.Build.0 = Release|Any CPU
		{AABBFEBA-C3B2-48CC-9CB3-3B0D82D56897}.Ad-Hoc|ARM.ActiveCfg = Release|Any CPU
		{AABBFEBA-C3B2-48CC-9CB3-3B0D82D56897}.Ad-Hoc|ARM.Build.0 = Release|Any CPU
		{AABBFEBA-C3B2-48CC-9CB3-3B0D82D56897}.Ad-Hoc|iPhone.ActiveCfg = Release|Any CPU
		{AABBFEBA-C3B2-48CC-9CB3-3B0D82D56897}.Ad-Hoc|iPhone.Build.0 = Release|Any CPU
		{AABBFEBA-C3B2-48CC-9CB3-3B0D82D56897}.Ad-Hoc|iPhoneSimulator.ActiveCfg = Release|Any CPU
		{AABBFEBA-C3B2-48CC-9CB3-3B0D82D56897}.Ad-Hoc|iPhoneSimulator.Build.0 = Release|Any CPU
		{AABBFEBA-C3B2-48CC-9CB3-3B0D82D56897}.Ad-Hoc|x64.ActiveCfg = Release|Any CPU
		{AABBFEBA-C3B2-48CC-9CB3-3B0D82D56897}.Ad-Hoc|x64.Build.0 = Release|Any CPU
		{AABBFEBA-C3B2-48CC-9CB3-3B0D82D56897}.Ad-Hoc|x86.ActiveCfg = Release|Any CPU
		{AABBFEBA-C3B2-48CC-9CB3-3B0D82D56897}.Ad-Hoc|x86.Build.0 = Release|Any CPU
		{AABBFEBA-C3B2-48CC-9CB3-3B0D82D56897}.AppStore|Any CPU.ActiveCfg = Release|Any CPU
		{AABBFEBA-C3B2-48CC-9CB3-3B0D82D56897}.AppStore|Any CPU.Build.0 = Release|Any CPU
		{AABBFEBA-C3B2-48CC-9CB3-3B0D82D56897}.AppStore|ARM.ActiveCfg = Release|Any CPU
		{AABBFEBA-C3B2-48CC-9CB3-3B0D82D56897}.AppStore|ARM.Build.0 = Release|Any CPU
		{AABBFEBA-C3B2-48CC-9CB3-3B0D82D56897}.AppStore|iPhone.ActiveCfg = Release|Any CPU
		{AABBFEBA-C3B2-48CC-9CB3-3B0D82D56897}.AppStore|iPhone.Build.0 = Release|Any CPU
		{AABBFEBA-C3B2-48CC-9CB3-3B0D82D56897}.AppStore|iPhoneSimulator.ActiveCfg = Release|Any CPU
		{AABBFEBA-C3B2-48CC-9CB3-3B0D82D56897}.AppStore|iPhoneSimulator.Build.0 = Release|Any CPU
		{AABBFEBA-C3B2-48CC-9CB3-3B0D82D56897}.AppStore|x64.ActiveCfg = Release|Any CPU
		{AABBFEBA-C3B2-48CC-9CB3-3B0D82D56897}.AppStore|x64.Build.0 = Release|Any CPU
		{AABBFEBA-C3B2-48CC-9CB3-3B0D82D56897}.AppStore|x86.ActiveCfg = Release|Any CPU
		{AABBFEBA-C3B2-48CC-9CB3-3B0D82D56897}.AppStore|x86.Build.0 = Release|Any CPU
		{AABBFEBA-C3B2-48CC-9CB3-3B0D82D56897}.Debug|Any CPU.ActiveCfg = Debug|Any CPU
		{AABBFEBA-C3B2-48CC-9CB3-3B0D82D56897}.Debug|Any CPU.Build.0 = Debug|Any CPU
		{AABBFEBA-C3B2-48CC-9CB3-3B0D82D56897}.Debug|ARM.ActiveCfg = Debug|Any CPU
		{AABBFEBA-C3B2-48CC-9CB3-3B0D82D56897}.Debug|ARM.Build.0 = Debug|Any CPU
		{AABBFEBA-C3B2-48CC-9CB3-3B0D82D56897}.Debug|iPhone.ActiveCfg = Debug|Any CPU
		{AABBFEBA-C3B2-48CC-9CB3-3B0D82D56897}.Debug|iPhone.Build.0 = Debug|Any CPU
		{AABBFEBA-C3B2-48CC-9CB3-3B0D82D56897}.Debug|iPhoneSimulator.ActiveCfg = Debug|Any CPU
		{AABBFEBA-C3B2-48CC-9CB3-3B0D82D56897}.Debug|iPhoneSimulator.Build.0 = Debug|Any CPU
		{AABBFEBA-C3B2-48CC-9CB3-3B0D82D56897}.Debug|x64.ActiveCfg = Debug|Any CPU
		{AABBFEBA-C3B2-48CC-9CB3-3B0D82D56897}.Debug|x64.Build.0 = Debug|Any CPU
		{AABBFEBA-C3B2-48CC-9CB3-3B0D82D56897}.Debug|x86.ActiveCfg = Debug|Any CPU
		{AABBFEBA-C3B2-48CC-9CB3-3B0D82D56897}.Debug|x86.Build.0 = Debug|Any CPU
		{AABBFEBA-C3B2-48CC-9CB3-3B0D82D56897}.Release|Any CPU.ActiveCfg = Release|Any CPU
		{AABBFEBA-C3B2-48CC-9CB3-3B0D82D56897}.Release|Any CPU.Build.0 = Release|Any CPU
		{AABBFEBA-C3B2-48CC-9CB3-3B0D82D56897}.Release|ARM.ActiveCfg = Release|Any CPU
		{AABBFEBA-C3B2-48CC-9CB3-3B0D82D56897}.Release|ARM.Build.0 = Release|Any CPU
		{AABBFEBA-C3B2-48CC-9CB3-3B0D82D56897}.Release|iPhone.ActiveCfg = Release|Any CPU
		{AABBFEBA-C3B2-48CC-9CB3-3B0D82D56897}.Release|iPhone.Build.0 = Release|Any CPU
		{AABBFEBA-C3B2-48CC-9CB3-3B0D82D56897}.Release|iPhoneSimulator.ActiveCfg = Release|Any CPU
		{AABBFEBA-C3B2-48CC-9CB3-3B0D82D56897}.Release|iPhoneSimulator.Build.0 = Release|Any CPU
		{AABBFEBA-C3B2-48CC-9CB3-3B0D82D56897}.Release|x64.ActiveCfg = Release|Any CPU
		{AABBFEBA-C3B2-48CC-9CB3-3B0D82D56897}.Release|x64.Build.0 = Release|Any CPU
		{AABBFEBA-C3B2-48CC-9CB3-3B0D82D56897}.Release|x86.ActiveCfg = Release|Any CPU
		{AABBFEBA-C3B2-48CC-9CB3-3B0D82D56897}.Release|x86.Build.0 = Release|Any CPU
		{934B460D-E20E-4BE9-B85D-30F64A7BE483}.Ad-Hoc|Any CPU.ActiveCfg = Release|Any CPU
		{934B460D-E20E-4BE9-B85D-30F64A7BE483}.Ad-Hoc|Any CPU.Build.0 = Release|Any CPU
		{934B460D-E20E-4BE9-B85D-30F64A7BE483}.Ad-Hoc|ARM.ActiveCfg = Release|Any CPU
		{934B460D-E20E-4BE9-B85D-30F64A7BE483}.Ad-Hoc|ARM.Build.0 = Release|Any CPU
		{934B460D-E20E-4BE9-B85D-30F64A7BE483}.Ad-Hoc|iPhone.ActiveCfg = Release|Any CPU
		{934B460D-E20E-4BE9-B85D-30F64A7BE483}.Ad-Hoc|iPhone.Build.0 = Release|Any CPU
		{934B460D-E20E-4BE9-B85D-30F64A7BE483}.Ad-Hoc|iPhoneSimulator.ActiveCfg = Release|Any CPU
		{934B460D-E20E-4BE9-B85D-30F64A7BE483}.Ad-Hoc|iPhoneSimulator.Build.0 = Release|Any CPU
		{934B460D-E20E-4BE9-B85D-30F64A7BE483}.Ad-Hoc|x64.ActiveCfg = Release|Any CPU
		{934B460D-E20E-4BE9-B85D-30F64A7BE483}.Ad-Hoc|x64.Build.0 = Release|Any CPU
		{934B460D-E20E-4BE9-B85D-30F64A7BE483}.Ad-Hoc|x86.ActiveCfg = Release|Any CPU
		{934B460D-E20E-4BE9-B85D-30F64A7BE483}.Ad-Hoc|x86.Build.0 = Release|Any CPU
		{934B460D-E20E-4BE9-B85D-30F64A7BE483}.AppStore|Any CPU.ActiveCfg = Release|Any CPU
		{934B460D-E20E-4BE9-B85D-30F64A7BE483}.AppStore|Any CPU.Build.0 = Release|Any CPU
		{934B460D-E20E-4BE9-B85D-30F64A7BE483}.AppStore|ARM.ActiveCfg = Release|Any CPU
		{934B460D-E20E-4BE9-B85D-30F64A7BE483}.AppStore|ARM.Build.0 = Release|Any CPU
		{934B460D-E20E-4BE9-B85D-30F64A7BE483}.AppStore|iPhone.ActiveCfg = Release|Any CPU
		{934B460D-E20E-4BE9-B85D-30F64A7BE483}.AppStore|iPhone.Build.0 = Release|Any CPU
		{934B460D-E20E-4BE9-B85D-30F64A7BE483}.AppStore|iPhoneSimulator.ActiveCfg = Release|Any CPU
		{934B460D-E20E-4BE9-B85D-30F64A7BE483}.AppStore|iPhoneSimulator.Build.0 = Release|Any CPU
		{934B460D-E20E-4BE9-B85D-30F64A7BE483}.AppStore|x64.ActiveCfg = Release|Any CPU
		{934B460D-E20E-4BE9-B85D-30F64A7BE483}.AppStore|x64.Build.0 = Release|Any CPU
		{934B460D-E20E-4BE9-B85D-30F64A7BE483}.AppStore|x86.ActiveCfg = Release|Any CPU
		{934B460D-E20E-4BE9-B85D-30F64A7BE483}.AppStore|x86.Build.0 = Release|Any CPU
		{934B460D-E20E-4BE9-B85D-30F64A7BE483}.Debug|Any CPU.ActiveCfg = Debug|Any CPU
		{934B460D-E20E-4BE9-B85D-30F64A7BE483}.Debug|Any CPU.Build.0 = Debug|Any CPU
		{934B460D-E20E-4BE9-B85D-30F64A7BE483}.Debug|ARM.ActiveCfg = Debug|Any CPU
		{934B460D-E20E-4BE9-B85D-30F64A7BE483}.Debug|ARM.Build.0 = Debug|Any CPU
		{934B460D-E20E-4BE9-B85D-30F64A7BE483}.Debug|iPhone.ActiveCfg = Debug|Any CPU
		{934B460D-E20E-4BE9-B85D-30F64A7BE483}.Debug|iPhone.Build.0 = Debug|Any CPU
		{934B460D-E20E-4BE9-B85D-30F64A7BE483}.Debug|iPhoneSimulator.ActiveCfg = Debug|Any CPU
		{934B460D-E20E-4BE9-B85D-30F64A7BE483}.Debug|iPhoneSimulator.Build.0 = Debug|Any CPU
		{934B460D-E20E-4BE9-B85D-30F64A7BE483}.Debug|x64.ActiveCfg = Debug|Any CPU
		{934B460D-E20E-4BE9-B85D-30F64A7BE483}.Debug|x64.Build.0 = Debug|Any CPU
		{934B460D-E20E-4BE9-B85D-30F64A7BE483}.Debug|x86.ActiveCfg = Debug|Any CPU
		{934B460D-E20E-4BE9-B85D-30F64A7BE483}.Debug|x86.Build.0 = Debug|Any CPU
		{934B460D-E20E-4BE9-B85D-30F64A7BE483}.Release|Any CPU.ActiveCfg = Release|Any CPU
		{934B460D-E20E-4BE9-B85D-30F64A7BE483}.Release|Any CPU.Build.0 = Release|Any CPU
		{934B460D-E20E-4BE9-B85D-30F64A7BE483}.Release|ARM.ActiveCfg = Release|Any CPU
		{934B460D-E20E-4BE9-B85D-30F64A7BE483}.Release|ARM.Build.0 = Release|Any CPU
		{934B460D-E20E-4BE9-B85D-30F64A7BE483}.Release|iPhone.ActiveCfg = Release|Any CPU
		{934B460D-E20E-4BE9-B85D-30F64A7BE483}.Release|iPhone.Build.0 = Release|Any CPU
		{934B460D-E20E-4BE9-B85D-30F64A7BE483}.Release|iPhoneSimulator.ActiveCfg = Release|Any CPU
		{934B460D-E20E-4BE9-B85D-30F64A7BE483}.Release|iPhoneSimulator.Build.0 = Release|Any CPU
		{934B460D-E20E-4BE9-B85D-30F64A7BE483}.Release|x64.ActiveCfg = Release|Any CPU
		{934B460D-E20E-4BE9-B85D-30F64A7BE483}.Release|x64.Build.0 = Release|Any CPU
		{934B460D-E20E-4BE9-B85D-30F64A7BE483}.Release|x86.ActiveCfg = Release|Any CPU
		{934B460D-E20E-4BE9-B85D-30F64A7BE483}.Release|x86.Build.0 = Release|Any CPU
		{396B07D1-7615-40D6-9FF3-917A2455863E}.Ad-Hoc|Any CPU.ActiveCfg = Release|Any CPU
		{396B07D1-7615-40D6-9FF3-917A2455863E}.Ad-Hoc|Any CPU.Build.0 = Release|Any CPU
		{396B07D1-7615-40D6-9FF3-917A2455863E}.Ad-Hoc|ARM.ActiveCfg = Release|Any CPU
		{396B07D1-7615-40D6-9FF3-917A2455863E}.Ad-Hoc|ARM.Build.0 = Release|Any CPU
		{396B07D1-7615-40D6-9FF3-917A2455863E}.Ad-Hoc|iPhone.ActiveCfg = Release|Any CPU
		{396B07D1-7615-40D6-9FF3-917A2455863E}.Ad-Hoc|iPhone.Build.0 = Release|Any CPU
		{396B07D1-7615-40D6-9FF3-917A2455863E}.Ad-Hoc|iPhoneSimulator.ActiveCfg = Release|Any CPU
		{396B07D1-7615-40D6-9FF3-917A2455863E}.Ad-Hoc|iPhoneSimulator.Build.0 = Release|Any CPU
		{396B07D1-7615-40D6-9FF3-917A2455863E}.Ad-Hoc|x64.ActiveCfg = Release|Any CPU
		{396B07D1-7615-40D6-9FF3-917A2455863E}.Ad-Hoc|x64.Build.0 = Release|Any CPU
		{396B07D1-7615-40D6-9FF3-917A2455863E}.Ad-Hoc|x86.ActiveCfg = Release|Any CPU
		{396B07D1-7615-40D6-9FF3-917A2455863E}.Ad-Hoc|x86.Build.0 = Release|Any CPU
		{396B07D1-7615-40D6-9FF3-917A2455863E}.AppStore|Any CPU.ActiveCfg = Release|Any CPU
		{396B07D1-7615-40D6-9FF3-917A2455863E}.AppStore|Any CPU.Build.0 = Release|Any CPU
		{396B07D1-7615-40D6-9FF3-917A2455863E}.AppStore|ARM.ActiveCfg = Release|Any CPU
		{396B07D1-7615-40D6-9FF3-917A2455863E}.AppStore|ARM.Build.0 = Release|Any CPU
		{396B07D1-7615-40D6-9FF3-917A2455863E}.AppStore|iPhone.ActiveCfg = Release|Any CPU
		{396B07D1-7615-40D6-9FF3-917A2455863E}.AppStore|iPhone.Build.0 = Release|Any CPU
		{396B07D1-7615-40D6-9FF3-917A2455863E}.AppStore|iPhoneSimulator.ActiveCfg = Release|Any CPU
		{396B07D1-7615-40D6-9FF3-917A2455863E}.AppStore|iPhoneSimulator.Build.0 = Release|Any CPU
		{396B07D1-7615-40D6-9FF3-917A2455863E}.AppStore|x64.ActiveCfg = Release|Any CPU
		{396B07D1-7615-40D6-9FF3-917A2455863E}.AppStore|x64.Build.0 = Release|Any CPU
		{396B07D1-7615-40D6-9FF3-917A2455863E}.AppStore|x86.ActiveCfg = Release|Any CPU
		{396B07D1-7615-40D6-9FF3-917A2455863E}.AppStore|x86.Build.0 = Release|Any CPU
		{396B07D1-7615-40D6-9FF3-917A2455863E}.Debug|Any CPU.ActiveCfg = Debug|Any CPU
		{396B07D1-7615-40D6-9FF3-917A2455863E}.Debug|Any CPU.Build.0 = Debug|Any CPU
		{396B07D1-7615-40D6-9FF3-917A2455863E}.Debug|ARM.ActiveCfg = Debug|Any CPU
		{396B07D1-7615-40D6-9FF3-917A2455863E}.Debug|ARM.Build.0 = Debug|Any CPU
		{396B07D1-7615-40D6-9FF3-917A2455863E}.Debug|iPhone.ActiveCfg = Debug|Any CPU
		{396B07D1-7615-40D6-9FF3-917A2455863E}.Debug|iPhone.Build.0 = Debug|Any CPU
		{396B07D1-7615-40D6-9FF3-917A2455863E}.Debug|iPhoneSimulator.ActiveCfg = Debug|Any CPU
		{396B07D1-7615-40D6-9FF3-917A2455863E}.Debug|iPhoneSimulator.Build.0 = Debug|Any CPU
		{396B07D1-7615-40D6-9FF3-917A2455863E}.Debug|x64.ActiveCfg = Debug|Any CPU
		{396B07D1-7615-40D6-9FF3-917A2455863E}.Debug|x64.Build.0 = Debug|Any CPU
		{396B07D1-7615-40D6-9FF3-917A2455863E}.Debug|x86.ActiveCfg = Debug|Any CPU
		{396B07D1-7615-40D6-9FF3-917A2455863E}.Debug|x86.Build.0 = Debug|Any CPU
		{396B07D1-7615-40D6-9FF3-917A2455863E}.Release|Any CPU.ActiveCfg = Release|Any CPU
		{396B07D1-7615-40D6-9FF3-917A2455863E}.Release|Any CPU.Build.0 = Release|Any CPU
		{396B07D1-7615-40D6-9FF3-917A2455863E}.Release|ARM.ActiveCfg = Release|Any CPU
		{396B07D1-7615-40D6-9FF3-917A2455863E}.Release|ARM.Build.0 = Release|Any CPU
		{396B07D1-7615-40D6-9FF3-917A2455863E}.Release|iPhone.ActiveCfg = Release|Any CPU
		{396B07D1-7615-40D6-9FF3-917A2455863E}.Release|iPhone.Build.0 = Release|Any CPU
		{396B07D1-7615-40D6-9FF3-917A2455863E}.Release|iPhoneSimulator.ActiveCfg = Release|Any CPU
		{396B07D1-7615-40D6-9FF3-917A2455863E}.Release|iPhoneSimulator.Build.0 = Release|Any CPU
		{396B07D1-7615-40D6-9FF3-917A2455863E}.Release|x64.ActiveCfg = Release|Any CPU
		{396B07D1-7615-40D6-9FF3-917A2455863E}.Release|x64.Build.0 = Release|Any CPU
		{396B07D1-7615-40D6-9FF3-917A2455863E}.Release|x86.ActiveCfg = Release|Any CPU
		{396B07D1-7615-40D6-9FF3-917A2455863E}.Release|x86.Build.0 = Release|Any CPU
		{224ED0C6-D3C1-4942-A7E2-8FA3DE3F2CA6}.Ad-Hoc|Any CPU.ActiveCfg = Release|Any CPU
		{224ED0C6-D3C1-4942-A7E2-8FA3DE3F2CA6}.Ad-Hoc|Any CPU.Build.0 = Release|Any CPU
		{224ED0C6-D3C1-4942-A7E2-8FA3DE3F2CA6}.Ad-Hoc|ARM.ActiveCfg = Release|Any CPU
		{224ED0C6-D3C1-4942-A7E2-8FA3DE3F2CA6}.Ad-Hoc|ARM.Build.0 = Release|Any CPU
		{224ED0C6-D3C1-4942-A7E2-8FA3DE3F2CA6}.Ad-Hoc|iPhone.ActiveCfg = Release|Any CPU
		{224ED0C6-D3C1-4942-A7E2-8FA3DE3F2CA6}.Ad-Hoc|iPhone.Build.0 = Release|Any CPU
		{224ED0C6-D3C1-4942-A7E2-8FA3DE3F2CA6}.Ad-Hoc|iPhoneSimulator.ActiveCfg = Release|Any CPU
		{224ED0C6-D3C1-4942-A7E2-8FA3DE3F2CA6}.Ad-Hoc|iPhoneSimulator.Build.0 = Release|Any CPU
		{224ED0C6-D3C1-4942-A7E2-8FA3DE3F2CA6}.Ad-Hoc|x64.ActiveCfg = Release|Any CPU
		{224ED0C6-D3C1-4942-A7E2-8FA3DE3F2CA6}.Ad-Hoc|x64.Build.0 = Release|Any CPU
		{224ED0C6-D3C1-4942-A7E2-8FA3DE3F2CA6}.Ad-Hoc|x86.ActiveCfg = Release|Any CPU
		{224ED0C6-D3C1-4942-A7E2-8FA3DE3F2CA6}.Ad-Hoc|x86.Build.0 = Release|Any CPU
		{224ED0C6-D3C1-4942-A7E2-8FA3DE3F2CA6}.AppStore|Any CPU.ActiveCfg = Release|Any CPU
		{224ED0C6-D3C1-4942-A7E2-8FA3DE3F2CA6}.AppStore|Any CPU.Build.0 = Release|Any CPU
		{224ED0C6-D3C1-4942-A7E2-8FA3DE3F2CA6}.AppStore|ARM.ActiveCfg = Release|Any CPU
		{224ED0C6-D3C1-4942-A7E2-8FA3DE3F2CA6}.AppStore|ARM.Build.0 = Release|Any CPU
		{224ED0C6-D3C1-4942-A7E2-8FA3DE3F2CA6}.AppStore|iPhone.ActiveCfg = Release|Any CPU
		{224ED0C6-D3C1-4942-A7E2-8FA3DE3F2CA6}.AppStore|iPhone.Build.0 = Release|Any CPU
		{224ED0C6-D3C1-4942-A7E2-8FA3DE3F2CA6}.AppStore|iPhoneSimulator.ActiveCfg = Release|Any CPU
		{224ED0C6-D3C1-4942-A7E2-8FA3DE3F2CA6}.AppStore|iPhoneSimulator.Build.0 = Release|Any CPU
		{224ED0C6-D3C1-4942-A7E2-8FA3DE3F2CA6}.AppStore|x64.ActiveCfg = Release|Any CPU
		{224ED0C6-D3C1-4942-A7E2-8FA3DE3F2CA6}.AppStore|x64.Build.0 = Release|Any CPU
		{224ED0C6-D3C1-4942-A7E2-8FA3DE3F2CA6}.AppStore|x86.ActiveCfg = Release|Any CPU
		{224ED0C6-D3C1-4942-A7E2-8FA3DE3F2CA6}.AppStore|x86.Build.0 = Release|Any CPU
		{224ED0C6-D3C1-4942-A7E2-8FA3DE3F2CA6}.Debug|Any CPU.ActiveCfg = Debug|Any CPU
		{224ED0C6-D3C1-4942-A7E2-8FA3DE3F2CA6}.Debug|Any CPU.Build.0 = Debug|Any CPU
		{224ED0C6-D3C1-4942-A7E2-8FA3DE3F2CA6}.Debug|ARM.ActiveCfg = Debug|Any CPU
		{224ED0C6-D3C1-4942-A7E2-8FA3DE3F2CA6}.Debug|ARM.Build.0 = Debug|Any CPU
		{224ED0C6-D3C1-4942-A7E2-8FA3DE3F2CA6}.Debug|iPhone.ActiveCfg = Debug|Any CPU
		{224ED0C6-D3C1-4942-A7E2-8FA3DE3F2CA6}.Debug|iPhone.Build.0 = Debug|Any CPU
		{224ED0C6-D3C1-4942-A7E2-8FA3DE3F2CA6}.Debug|iPhoneSimulator.ActiveCfg = Debug|Any CPU
		{224ED0C6-D3C1-4942-A7E2-8FA3DE3F2CA6}.Debug|iPhoneSimulator.Build.0 = Debug|Any CPU
		{224ED0C6-D3C1-4942-A7E2-8FA3DE3F2CA6}.Debug|x64.ActiveCfg = Debug|Any CPU
		{224ED0C6-D3C1-4942-A7E2-8FA3DE3F2CA6}.Debug|x64.Build.0 = Debug|Any CPU
		{224ED0C6-D3C1-4942-A7E2-8FA3DE3F2CA6}.Debug|x86.ActiveCfg = Debug|Any CPU
		{224ED0C6-D3C1-4942-A7E2-8FA3DE3F2CA6}.Debug|x86.Build.0 = Debug|Any CPU
		{224ED0C6-D3C1-4942-A7E2-8FA3DE3F2CA6}.Release|Any CPU.ActiveCfg = Release|Any CPU
		{224ED0C6-D3C1-4942-A7E2-8FA3DE3F2CA6}.Release|Any CPU.Build.0 = Release|Any CPU
		{224ED0C6-D3C1-4942-A7E2-8FA3DE3F2CA6}.Release|ARM.ActiveCfg = Release|Any CPU
		{224ED0C6-D3C1-4942-A7E2-8FA3DE3F2CA6}.Release|ARM.Build.0 = Release|Any CPU
		{224ED0C6-D3C1-4942-A7E2-8FA3DE3F2CA6}.Release|iPhone.ActiveCfg = Release|Any CPU
		{224ED0C6-D3C1-4942-A7E2-8FA3DE3F2CA6}.Release|iPhone.Build.0 = Release|Any CPU
		{224ED0C6-D3C1-4942-A7E2-8FA3DE3F2CA6}.Release|iPhoneSimulator.ActiveCfg = Release|Any CPU
		{224ED0C6-D3C1-4942-A7E2-8FA3DE3F2CA6}.Release|iPhoneSimulator.Build.0 = Release|Any CPU
		{224ED0C6-D3C1-4942-A7E2-8FA3DE3F2CA6}.Release|x64.ActiveCfg = Release|Any CPU
		{224ED0C6-D3C1-4942-A7E2-8FA3DE3F2CA6}.Release|x64.Build.0 = Release|Any CPU
		{224ED0C6-D3C1-4942-A7E2-8FA3DE3F2CA6}.Release|x86.ActiveCfg = Release|Any CPU
		{224ED0C6-D3C1-4942-A7E2-8FA3DE3F2CA6}.Release|x86.Build.0 = Release|Any CPU
		{9E2E0149-8D32-4E9F-A15B-60A0F6C08111}.Ad-Hoc|Any CPU.ActiveCfg = Release|Any CPU
		{9E2E0149-8D32-4E9F-A15B-60A0F6C08111}.Ad-Hoc|Any CPU.Build.0 = Release|Any CPU
		{9E2E0149-8D32-4E9F-A15B-60A0F6C08111}.Ad-Hoc|ARM.ActiveCfg = Release|Any CPU
		{9E2E0149-8D32-4E9F-A15B-60A0F6C08111}.Ad-Hoc|ARM.Build.0 = Release|Any CPU
		{9E2E0149-8D32-4E9F-A15B-60A0F6C08111}.Ad-Hoc|iPhone.ActiveCfg = Release|Any CPU
		{9E2E0149-8D32-4E9F-A15B-60A0F6C08111}.Ad-Hoc|iPhone.Build.0 = Release|Any CPU
		{9E2E0149-8D32-4E9F-A15B-60A0F6C08111}.Ad-Hoc|iPhoneSimulator.ActiveCfg = Release|Any CPU
		{9E2E0149-8D32-4E9F-A15B-60A0F6C08111}.Ad-Hoc|iPhoneSimulator.Build.0 = Release|Any CPU
		{9E2E0149-8D32-4E9F-A15B-60A0F6C08111}.Ad-Hoc|x64.ActiveCfg = Release|Any CPU
		{9E2E0149-8D32-4E9F-A15B-60A0F6C08111}.Ad-Hoc|x64.Build.0 = Release|Any CPU
		{9E2E0149-8D32-4E9F-A15B-60A0F6C08111}.Ad-Hoc|x86.ActiveCfg = Release|Any CPU
		{9E2E0149-8D32-4E9F-A15B-60A0F6C08111}.Ad-Hoc|x86.Build.0 = Release|Any CPU
		{9E2E0149-8D32-4E9F-A15B-60A0F6C08111}.AppStore|Any CPU.ActiveCfg = Release|Any CPU
		{9E2E0149-8D32-4E9F-A15B-60A0F6C08111}.AppStore|Any CPU.Build.0 = Release|Any CPU
		{9E2E0149-8D32-4E9F-A15B-60A0F6C08111}.AppStore|ARM.ActiveCfg = Release|Any CPU
		{9E2E0149-8D32-4E9F-A15B-60A0F6C08111}.AppStore|ARM.Build.0 = Release|Any CPU
		{9E2E0149-8D32-4E9F-A15B-60A0F6C08111}.AppStore|iPhone.ActiveCfg = Release|Any CPU
		{9E2E0149-8D32-4E9F-A15B-60A0F6C08111}.AppStore|iPhone.Build.0 = Release|Any CPU
		{9E2E0149-8D32-4E9F-A15B-60A0F6C08111}.AppStore|iPhoneSimulator.ActiveCfg = Release|Any CPU
		{9E2E0149-8D32-4E9F-A15B-60A0F6C08111}.AppStore|iPhoneSimulator.Build.0 = Release|Any CPU
		{9E2E0149-8D32-4E9F-A15B-60A0F6C08111}.AppStore|x64.ActiveCfg = Release|Any CPU
		{9E2E0149-8D32-4E9F-A15B-60A0F6C08111}.AppStore|x64.Build.0 = Release|Any CPU
		{9E2E0149-8D32-4E9F-A15B-60A0F6C08111}.AppStore|x86.ActiveCfg = Release|Any CPU
		{9E2E0149-8D32-4E9F-A15B-60A0F6C08111}.AppStore|x86.Build.0 = Release|Any CPU
		{9E2E0149-8D32-4E9F-A15B-60A0F6C08111}.Debug|Any CPU.ActiveCfg = Debug|Any CPU
		{9E2E0149-8D32-4E9F-A15B-60A0F6C08111}.Debug|Any CPU.Build.0 = Debug|Any CPU
		{9E2E0149-8D32-4E9F-A15B-60A0F6C08111}.Debug|ARM.ActiveCfg = Debug|Any CPU
		{9E2E0149-8D32-4E9F-A15B-60A0F6C08111}.Debug|ARM.Build.0 = Debug|Any CPU
		{9E2E0149-8D32-4E9F-A15B-60A0F6C08111}.Debug|iPhone.ActiveCfg = Debug|Any CPU
		{9E2E0149-8D32-4E9F-A15B-60A0F6C08111}.Debug|iPhone.Build.0 = Debug|Any CPU
		{9E2E0149-8D32-4E9F-A15B-60A0F6C08111}.Debug|iPhoneSimulator.ActiveCfg = Debug|Any CPU
		{9E2E0149-8D32-4E9F-A15B-60A0F6C08111}.Debug|iPhoneSimulator.Build.0 = Debug|Any CPU
		{9E2E0149-8D32-4E9F-A15B-60A0F6C08111}.Debug|x64.ActiveCfg = Debug|Any CPU
		{9E2E0149-8D32-4E9F-A15B-60A0F6C08111}.Debug|x64.Build.0 = Debug|Any CPU
		{9E2E0149-8D32-4E9F-A15B-60A0F6C08111}.Debug|x86.ActiveCfg = Debug|Any CPU
		{9E2E0149-8D32-4E9F-A15B-60A0F6C08111}.Debug|x86.Build.0 = Debug|Any CPU
		{9E2E0149-8D32-4E9F-A15B-60A0F6C08111}.Release|Any CPU.ActiveCfg = Release|Any CPU
		{9E2E0149-8D32-4E9F-A15B-60A0F6C08111}.Release|Any CPU.Build.0 = Release|Any CPU
		{9E2E0149-8D32-4E9F-A15B-60A0F6C08111}.Release|ARM.ActiveCfg = Release|Any CPU
		{9E2E0149-8D32-4E9F-A15B-60A0F6C08111}.Release|ARM.Build.0 = Release|Any CPU
		{9E2E0149-8D32-4E9F-A15B-60A0F6C08111}.Release|iPhone.ActiveCfg = Release|Any CPU
		{9E2E0149-8D32-4E9F-A15B-60A0F6C08111}.Release|iPhone.Build.0 = Release|Any CPU
		{9E2E0149-8D32-4E9F-A15B-60A0F6C08111}.Release|iPhoneSimulator.ActiveCfg = Release|Any CPU
		{9E2E0149-8D32-4E9F-A15B-60A0F6C08111}.Release|iPhoneSimulator.Build.0 = Release|Any CPU
		{9E2E0149-8D32-4E9F-A15B-60A0F6C08111}.Release|x64.ActiveCfg = Release|Any CPU
		{9E2E0149-8D32-4E9F-A15B-60A0F6C08111}.Release|x64.Build.0 = Release|Any CPU
		{9E2E0149-8D32-4E9F-A15B-60A0F6C08111}.Release|x86.ActiveCfg = Release|Any CPU
		{9E2E0149-8D32-4E9F-A15B-60A0F6C08111}.Release|x86.Build.0 = Release|Any CPU
		{B7E6FDC3-6BFB-45D0-869B-E345BFD14CBA}.Ad-Hoc|Any CPU.ActiveCfg = Release|Any CPU
		{B7E6FDC3-6BFB-45D0-869B-E345BFD14CBA}.Ad-Hoc|Any CPU.Build.0 = Release|Any CPU
		{B7E6FDC3-6BFB-45D0-869B-E345BFD14CBA}.Ad-Hoc|ARM.ActiveCfg = Release|Any CPU
		{B7E6FDC3-6BFB-45D0-869B-E345BFD14CBA}.Ad-Hoc|ARM.Build.0 = Release|Any CPU
		{B7E6FDC3-6BFB-45D0-869B-E345BFD14CBA}.Ad-Hoc|iPhone.ActiveCfg = Release|Any CPU
		{B7E6FDC3-6BFB-45D0-869B-E345BFD14CBA}.Ad-Hoc|iPhone.Build.0 = Release|Any CPU
		{B7E6FDC3-6BFB-45D0-869B-E345BFD14CBA}.Ad-Hoc|iPhoneSimulator.ActiveCfg = Release|Any CPU
		{B7E6FDC3-6BFB-45D0-869B-E345BFD14CBA}.Ad-Hoc|iPhoneSimulator.Build.0 = Release|Any CPU
		{B7E6FDC3-6BFB-45D0-869B-E345BFD14CBA}.Ad-Hoc|x64.ActiveCfg = Release|Any CPU
		{B7E6FDC3-6BFB-45D0-869B-E345BFD14CBA}.Ad-Hoc|x64.Build.0 = Release|Any CPU
		{B7E6FDC3-6BFB-45D0-869B-E345BFD14CBA}.Ad-Hoc|x86.ActiveCfg = Release|Any CPU
		{B7E6FDC3-6BFB-45D0-869B-E345BFD14CBA}.Ad-Hoc|x86.Build.0 = Release|Any CPU
		{B7E6FDC3-6BFB-45D0-869B-E345BFD14CBA}.AppStore|Any CPU.ActiveCfg = Release|Any CPU
		{B7E6FDC3-6BFB-45D0-869B-E345BFD14CBA}.AppStore|Any CPU.Build.0 = Release|Any CPU
		{B7E6FDC3-6BFB-45D0-869B-E345BFD14CBA}.AppStore|ARM.ActiveCfg = Release|Any CPU
		{B7E6FDC3-6BFB-45D0-869B-E345BFD14CBA}.AppStore|ARM.Build.0 = Release|Any CPU
		{B7E6FDC3-6BFB-45D0-869B-E345BFD14CBA}.AppStore|iPhone.ActiveCfg = Release|Any CPU
		{B7E6FDC3-6BFB-45D0-869B-E345BFD14CBA}.AppStore|iPhone.Build.0 = Release|Any CPU
		{B7E6FDC3-6BFB-45D0-869B-E345BFD14CBA}.AppStore|iPhoneSimulator.ActiveCfg = Release|Any CPU
		{B7E6FDC3-6BFB-45D0-869B-E345BFD14CBA}.AppStore|iPhoneSimulator.Build.0 = Release|Any CPU
		{B7E6FDC3-6BFB-45D0-869B-E345BFD14CBA}.AppStore|x64.ActiveCfg = Release|Any CPU
		{B7E6FDC3-6BFB-45D0-869B-E345BFD14CBA}.AppStore|x64.Build.0 = Release|Any CPU
		{B7E6FDC3-6BFB-45D0-869B-E345BFD14CBA}.AppStore|x86.ActiveCfg = Release|Any CPU
		{B7E6FDC3-6BFB-45D0-869B-E345BFD14CBA}.AppStore|x86.Build.0 = Release|Any CPU
		{B7E6FDC3-6BFB-45D0-869B-E345BFD14CBA}.Debug|Any CPU.ActiveCfg = Debug|Any CPU
		{B7E6FDC3-6BFB-45D0-869B-E345BFD14CBA}.Debug|Any CPU.Build.0 = Debug|Any CPU
		{B7E6FDC3-6BFB-45D0-869B-E345BFD14CBA}.Debug|ARM.ActiveCfg = Debug|Any CPU
		{B7E6FDC3-6BFB-45D0-869B-E345BFD14CBA}.Debug|ARM.Build.0 = Debug|Any CPU
		{B7E6FDC3-6BFB-45D0-869B-E345BFD14CBA}.Debug|iPhone.ActiveCfg = Debug|Any CPU
		{B7E6FDC3-6BFB-45D0-869B-E345BFD14CBA}.Debug|iPhone.Build.0 = Debug|Any CPU
		{B7E6FDC3-6BFB-45D0-869B-E345BFD14CBA}.Debug|iPhoneSimulator.ActiveCfg = Debug|Any CPU
		{B7E6FDC3-6BFB-45D0-869B-E345BFD14CBA}.Debug|iPhoneSimulator.Build.0 = Debug|Any CPU
		{B7E6FDC3-6BFB-45D0-869B-E345BFD14CBA}.Debug|x64.ActiveCfg = Debug|Any CPU
		{B7E6FDC3-6BFB-45D0-869B-E345BFD14CBA}.Debug|x64.Build.0 = Debug|Any CPU
		{B7E6FDC3-6BFB-45D0-869B-E345BFD14CBA}.Debug|x86.ActiveCfg = Debug|Any CPU
		{B7E6FDC3-6BFB-45D0-869B-E345BFD14CBA}.Debug|x86.Build.0 = Debug|Any CPU
		{B7E6FDC3-6BFB-45D0-869B-E345BFD14CBA}.Release|Any CPU.ActiveCfg = Release|Any CPU
		{B7E6FDC3-6BFB-45D0-869B-E345BFD14CBA}.Release|Any CPU.Build.0 = Release|Any CPU
		{B7E6FDC3-6BFB-45D0-869B-E345BFD14CBA}.Release|ARM.ActiveCfg = Release|Any CPU
		{B7E6FDC3-6BFB-45D0-869B-E345BFD14CBA}.Release|ARM.Build.0 = Release|Any CPU
		{B7E6FDC3-6BFB-45D0-869B-E345BFD14CBA}.Release|iPhone.ActiveCfg = Release|Any CPU
		{B7E6FDC3-6BFB-45D0-869B-E345BFD14CBA}.Release|iPhone.Build.0 = Release|Any CPU
		{B7E6FDC3-6BFB-45D0-869B-E345BFD14CBA}.Release|iPhoneSimulator.ActiveCfg = Release|Any CPU
		{B7E6FDC3-6BFB-45D0-869B-E345BFD14CBA}.Release|iPhoneSimulator.Build.0 = Release|Any CPU
		{B7E6FDC3-6BFB-45D0-869B-E345BFD14CBA}.Release|x64.ActiveCfg = Release|Any CPU
		{B7E6FDC3-6BFB-45D0-869B-E345BFD14CBA}.Release|x64.Build.0 = Release|Any CPU
		{B7E6FDC3-6BFB-45D0-869B-E345BFD14CBA}.Release|x86.ActiveCfg = Release|Any CPU
		{B7E6FDC3-6BFB-45D0-869B-E345BFD14CBA}.Release|x86.Build.0 = Release|Any CPU
		{4A1EDF8A-5F73-4A39-A48B-FD8B5B429B33}.Ad-Hoc|Any CPU.ActiveCfg = Release|Any CPU
		{4A1EDF8A-5F73-4A39-A48B-FD8B5B429B33}.Ad-Hoc|Any CPU.Build.0 = Release|Any CPU
		{4A1EDF8A-5F73-4A39-A48B-FD8B5B429B33}.Ad-Hoc|ARM.ActiveCfg = Release|Any CPU
		{4A1EDF8A-5F73-4A39-A48B-FD8B5B429B33}.Ad-Hoc|ARM.Build.0 = Release|Any CPU
		{4A1EDF8A-5F73-4A39-A48B-FD8B5B429B33}.Ad-Hoc|iPhone.ActiveCfg = Release|Any CPU
		{4A1EDF8A-5F73-4A39-A48B-FD8B5B429B33}.Ad-Hoc|iPhone.Build.0 = Release|Any CPU
		{4A1EDF8A-5F73-4A39-A48B-FD8B5B429B33}.Ad-Hoc|iPhoneSimulator.ActiveCfg = Release|Any CPU
		{4A1EDF8A-5F73-4A39-A48B-FD8B5B429B33}.Ad-Hoc|iPhoneSimulator.Build.0 = Release|Any CPU
		{4A1EDF8A-5F73-4A39-A48B-FD8B5B429B33}.Ad-Hoc|x64.ActiveCfg = Release|Any CPU
		{4A1EDF8A-5F73-4A39-A48B-FD8B5B429B33}.Ad-Hoc|x64.Build.0 = Release|Any CPU
		{4A1EDF8A-5F73-4A39-A48B-FD8B5B429B33}.Ad-Hoc|x86.ActiveCfg = Release|Any CPU
		{4A1EDF8A-5F73-4A39-A48B-FD8B5B429B33}.Ad-Hoc|x86.Build.0 = Release|Any CPU
		{4A1EDF8A-5F73-4A39-A48B-FD8B5B429B33}.AppStore|Any CPU.ActiveCfg = Release|Any CPU
		{4A1EDF8A-5F73-4A39-A48B-FD8B5B429B33}.AppStore|Any CPU.Build.0 = Release|Any CPU
		{4A1EDF8A-5F73-4A39-A48B-FD8B5B429B33}.AppStore|ARM.ActiveCfg = Release|Any CPU
		{4A1EDF8A-5F73-4A39-A48B-FD8B5B429B33}.AppStore|ARM.Build.0 = Release|Any CPU
		{4A1EDF8A-5F73-4A39-A48B-FD8B5B429B33}.AppStore|iPhone.ActiveCfg = Release|Any CPU
		{4A1EDF8A-5F73-4A39-A48B-FD8B5B429B33}.AppStore|iPhone.Build.0 = Release|Any CPU
		{4A1EDF8A-5F73-4A39-A48B-FD8B5B429B33}.AppStore|iPhoneSimulator.ActiveCfg = Release|Any CPU
		{4A1EDF8A-5F73-4A39-A48B-FD8B5B429B33}.AppStore|iPhoneSimulator.Build.0 = Release|Any CPU
		{4A1EDF8A-5F73-4A39-A48B-FD8B5B429B33}.AppStore|x64.ActiveCfg = Release|Any CPU
		{4A1EDF8A-5F73-4A39-A48B-FD8B5B429B33}.AppStore|x64.Build.0 = Release|Any CPU
		{4A1EDF8A-5F73-4A39-A48B-FD8B5B429B33}.AppStore|x86.ActiveCfg = Release|Any CPU
		{4A1EDF8A-5F73-4A39-A48B-FD8B5B429B33}.AppStore|x86.Build.0 = Release|Any CPU
		{4A1EDF8A-5F73-4A39-A48B-FD8B5B429B33}.Debug|Any CPU.ActiveCfg = Debug|Any CPU
		{4A1EDF8A-5F73-4A39-A48B-FD8B5B429B33}.Debug|Any CPU.Build.0 = Debug|Any CPU
		{4A1EDF8A-5F73-4A39-A48B-FD8B5B429B33}.Debug|ARM.ActiveCfg = Debug|Any CPU
		{4A1EDF8A-5F73-4A39-A48B-FD8B5B429B33}.Debug|ARM.Build.0 = Debug|Any CPU
		{4A1EDF8A-5F73-4A39-A48B-FD8B5B429B33}.Debug|iPhone.ActiveCfg = Debug|Any CPU
		{4A1EDF8A-5F73-4A39-A48B-FD8B5B429B33}.Debug|iPhone.Build.0 = Debug|Any CPU
		{4A1EDF8A-5F73-4A39-A48B-FD8B5B429B33}.Debug|iPhoneSimulator.ActiveCfg = Debug|Any CPU
		{4A1EDF8A-5F73-4A39-A48B-FD8B5B429B33}.Debug|iPhoneSimulator.Build.0 = Debug|Any CPU
		{4A1EDF8A-5F73-4A39-A48B-FD8B5B429B33}.Debug|x64.ActiveCfg = Debug|Any CPU
		{4A1EDF8A-5F73-4A39-A48B-FD8B5B429B33}.Debug|x64.Build.0 = Debug|Any CPU
		{4A1EDF8A-5F73-4A39-A48B-FD8B5B429B33}.Debug|x86.ActiveCfg = Debug|Any CPU
		{4A1EDF8A-5F73-4A39-A48B-FD8B5B429B33}.Debug|x86.Build.0 = Debug|Any CPU
		{4A1EDF8A-5F73-4A39-A48B-FD8B5B429B33}.Release|Any CPU.ActiveCfg = Release|Any CPU
		{4A1EDF8A-5F73-4A39-A48B-FD8B5B429B33}.Release|Any CPU.Build.0 = Release|Any CPU
		{4A1EDF8A-5F73-4A39-A48B-FD8B5B429B33}.Release|ARM.ActiveCfg = Release|Any CPU
		{4A1EDF8A-5F73-4A39-A48B-FD8B5B429B33}.Release|ARM.Build.0 = Release|Any CPU
		{4A1EDF8A-5F73-4A39-A48B-FD8B5B429B33}.Release|iPhone.ActiveCfg = Release|Any CPU
		{4A1EDF8A-5F73-4A39-A48B-FD8B5B429B33}.Release|iPhone.Build.0 = Release|Any CPU
		{4A1EDF8A-5F73-4A39-A48B-FD8B5B429B33}.Release|iPhoneSimulator.ActiveCfg = Release|Any CPU
		{4A1EDF8A-5F73-4A39-A48B-FD8B5B429B33}.Release|iPhoneSimulator.Build.0 = Release|Any CPU
		{4A1EDF8A-5F73-4A39-A48B-FD8B5B429B33}.Release|x64.ActiveCfg = Release|Any CPU
		{4A1EDF8A-5F73-4A39-A48B-FD8B5B429B33}.Release|x64.Build.0 = Release|Any CPU
		{4A1EDF8A-5F73-4A39-A48B-FD8B5B429B33}.Release|x86.ActiveCfg = Release|Any CPU
		{4A1EDF8A-5F73-4A39-A48B-FD8B5B429B33}.Release|x86.Build.0 = Release|Any CPU
		{B3F96701-507E-4BBB-A350-1AD28542652F}.Ad-Hoc|Any CPU.ActiveCfg = Release|Any CPU
		{B3F96701-507E-4BBB-A350-1AD28542652F}.Ad-Hoc|Any CPU.Build.0 = Release|Any CPU
		{B3F96701-507E-4BBB-A350-1AD28542652F}.Ad-Hoc|ARM.ActiveCfg = Release|Any CPU
		{B3F96701-507E-4BBB-A350-1AD28542652F}.Ad-Hoc|ARM.Build.0 = Release|Any CPU
		{B3F96701-507E-4BBB-A350-1AD28542652F}.Ad-Hoc|iPhone.ActiveCfg = Release|Any CPU
		{B3F96701-507E-4BBB-A350-1AD28542652F}.Ad-Hoc|iPhone.Build.0 = Release|Any CPU
		{B3F96701-507E-4BBB-A350-1AD28542652F}.Ad-Hoc|iPhoneSimulator.ActiveCfg = Release|Any CPU
		{B3F96701-507E-4BBB-A350-1AD28542652F}.Ad-Hoc|iPhoneSimulator.Build.0 = Release|Any CPU
		{B3F96701-507E-4BBB-A350-1AD28542652F}.Ad-Hoc|x64.ActiveCfg = Release|Any CPU
		{B3F96701-507E-4BBB-A350-1AD28542652F}.Ad-Hoc|x64.Build.0 = Release|Any CPU
		{B3F96701-507E-4BBB-A350-1AD28542652F}.Ad-Hoc|x86.ActiveCfg = Release|Any CPU
		{B3F96701-507E-4BBB-A350-1AD28542652F}.Ad-Hoc|x86.Build.0 = Release|Any CPU
		{B3F96701-507E-4BBB-A350-1AD28542652F}.AppStore|Any CPU.ActiveCfg = Release|Any CPU
		{B3F96701-507E-4BBB-A350-1AD28542652F}.AppStore|Any CPU.Build.0 = Release|Any CPU
		{B3F96701-507E-4BBB-A350-1AD28542652F}.AppStore|ARM.ActiveCfg = Release|Any CPU
		{B3F96701-507E-4BBB-A350-1AD28542652F}.AppStore|ARM.Build.0 = Release|Any CPU
		{B3F96701-507E-4BBB-A350-1AD28542652F}.AppStore|iPhone.ActiveCfg = Release|Any CPU
		{B3F96701-507E-4BBB-A350-1AD28542652F}.AppStore|iPhone.Build.0 = Release|Any CPU
		{B3F96701-507E-4BBB-A350-1AD28542652F}.AppStore|iPhoneSimulator.ActiveCfg = Release|Any CPU
		{B3F96701-507E-4BBB-A350-1AD28542652F}.AppStore|iPhoneSimulator.Build.0 = Release|Any CPU
		{B3F96701-507E-4BBB-A350-1AD28542652F}.AppStore|x64.ActiveCfg = Release|Any CPU
		{B3F96701-507E-4BBB-A350-1AD28542652F}.AppStore|x64.Build.0 = Release|Any CPU
		{B3F96701-507E-4BBB-A350-1AD28542652F}.AppStore|x86.ActiveCfg = Release|Any CPU
		{B3F96701-507E-4BBB-A350-1AD28542652F}.AppStore|x86.Build.0 = Release|Any CPU
		{B3F96701-507E-4BBB-A350-1AD28542652F}.Debug|Any CPU.ActiveCfg = Debug|Any CPU
		{B3F96701-507E-4BBB-A350-1AD28542652F}.Debug|Any CPU.Build.0 = Debug|Any CPU
		{B3F96701-507E-4BBB-A350-1AD28542652F}.Debug|ARM.ActiveCfg = Debug|Any CPU
		{B3F96701-507E-4BBB-A350-1AD28542652F}.Debug|ARM.Build.0 = Debug|Any CPU
		{B3F96701-507E-4BBB-A350-1AD28542652F}.Debug|iPhone.ActiveCfg = Debug|Any CPU
		{B3F96701-507E-4BBB-A350-1AD28542652F}.Debug|iPhone.Build.0 = Debug|Any CPU
		{B3F96701-507E-4BBB-A350-1AD28542652F}.Debug|iPhoneSimulator.ActiveCfg = Debug|Any CPU
		{B3F96701-507E-4BBB-A350-1AD28542652F}.Debug|iPhoneSimulator.Build.0 = Debug|Any CPU
		{B3F96701-507E-4BBB-A350-1AD28542652F}.Debug|x64.ActiveCfg = Debug|Any CPU
		{B3F96701-507E-4BBB-A350-1AD28542652F}.Debug|x64.Build.0 = Debug|Any CPU
		{B3F96701-507E-4BBB-A350-1AD28542652F}.Debug|x86.ActiveCfg = Debug|Any CPU
		{B3F96701-507E-4BBB-A350-1AD28542652F}.Debug|x86.Build.0 = Debug|Any CPU
		{B3F96701-507E-4BBB-A350-1AD28542652F}.Release|Any CPU.ActiveCfg = Release|Any CPU
		{B3F96701-507E-4BBB-A350-1AD28542652F}.Release|Any CPU.Build.0 = Release|Any CPU
		{B3F96701-507E-4BBB-A350-1AD28542652F}.Release|ARM.ActiveCfg = Release|Any CPU
		{B3F96701-507E-4BBB-A350-1AD28542652F}.Release|ARM.Build.0 = Release|Any CPU
		{B3F96701-507E-4BBB-A350-1AD28542652F}.Release|iPhone.ActiveCfg = Release|Any CPU
		{B3F96701-507E-4BBB-A350-1AD28542652F}.Release|iPhone.Build.0 = Release|Any CPU
		{B3F96701-507E-4BBB-A350-1AD28542652F}.Release|iPhoneSimulator.ActiveCfg = Release|Any CPU
		{B3F96701-507E-4BBB-A350-1AD28542652F}.Release|iPhoneSimulator.Build.0 = Release|Any CPU
		{B3F96701-507E-4BBB-A350-1AD28542652F}.Release|x64.ActiveCfg = Release|Any CPU
		{B3F96701-507E-4BBB-A350-1AD28542652F}.Release|x64.Build.0 = Release|Any CPU
		{B3F96701-507E-4BBB-A350-1AD28542652F}.Release|x86.ActiveCfg = Release|Any CPU
		{B3F96701-507E-4BBB-A350-1AD28542652F}.Release|x86.Build.0 = Release|Any CPU
		{35BEE1D0-B47F-4CFE-8C7D-BAD27E37F4C6}.Ad-Hoc|Any CPU.ActiveCfg = Release|Any CPU
		{35BEE1D0-B47F-4CFE-8C7D-BAD27E37F4C6}.Ad-Hoc|Any CPU.Build.0 = Release|Any CPU
		{35BEE1D0-B47F-4CFE-8C7D-BAD27E37F4C6}.Ad-Hoc|ARM.ActiveCfg = Release|Any CPU
		{35BEE1D0-B47F-4CFE-8C7D-BAD27E37F4C6}.Ad-Hoc|ARM.Build.0 = Release|Any CPU
		{35BEE1D0-B47F-4CFE-8C7D-BAD27E37F4C6}.Ad-Hoc|iPhone.ActiveCfg = Release|Any CPU
		{35BEE1D0-B47F-4CFE-8C7D-BAD27E37F4C6}.Ad-Hoc|iPhone.Build.0 = Release|Any CPU
		{35BEE1D0-B47F-4CFE-8C7D-BAD27E37F4C6}.Ad-Hoc|iPhoneSimulator.ActiveCfg = Release|Any CPU
		{35BEE1D0-B47F-4CFE-8C7D-BAD27E37F4C6}.Ad-Hoc|iPhoneSimulator.Build.0 = Release|Any CPU
		{35BEE1D0-B47F-4CFE-8C7D-BAD27E37F4C6}.Ad-Hoc|x64.ActiveCfg = Release|Any CPU
		{35BEE1D0-B47F-4CFE-8C7D-BAD27E37F4C6}.Ad-Hoc|x64.Build.0 = Release|Any CPU
		{35BEE1D0-B47F-4CFE-8C7D-BAD27E37F4C6}.Ad-Hoc|x86.ActiveCfg = Release|Any CPU
		{35BEE1D0-B47F-4CFE-8C7D-BAD27E37F4C6}.Ad-Hoc|x86.Build.0 = Release|Any CPU
		{35BEE1D0-B47F-4CFE-8C7D-BAD27E37F4C6}.AppStore|Any CPU.ActiveCfg = Release|Any CPU
		{35BEE1D0-B47F-4CFE-8C7D-BAD27E37F4C6}.AppStore|Any CPU.Build.0 = Release|Any CPU
		{35BEE1D0-B47F-4CFE-8C7D-BAD27E37F4C6}.AppStore|ARM.ActiveCfg = Release|Any CPU
		{35BEE1D0-B47F-4CFE-8C7D-BAD27E37F4C6}.AppStore|ARM.Build.0 = Release|Any CPU
		{35BEE1D0-B47F-4CFE-8C7D-BAD27E37F4C6}.AppStore|iPhone.ActiveCfg = Release|Any CPU
		{35BEE1D0-B47F-4CFE-8C7D-BAD27E37F4C6}.AppStore|iPhone.Build.0 = Release|Any CPU
		{35BEE1D0-B47F-4CFE-8C7D-BAD27E37F4C6}.AppStore|iPhoneSimulator.ActiveCfg = Release|Any CPU
		{35BEE1D0-B47F-4CFE-8C7D-BAD27E37F4C6}.AppStore|iPhoneSimulator.Build.0 = Release|Any CPU
		{35BEE1D0-B47F-4CFE-8C7D-BAD27E37F4C6}.AppStore|x64.ActiveCfg = Release|Any CPU
		{35BEE1D0-B47F-4CFE-8C7D-BAD27E37F4C6}.AppStore|x64.Build.0 = Release|Any CPU
		{35BEE1D0-B47F-4CFE-8C7D-BAD27E37F4C6}.AppStore|x86.ActiveCfg = Release|Any CPU
		{35BEE1D0-B47F-4CFE-8C7D-BAD27E37F4C6}.AppStore|x86.Build.0 = Release|Any CPU
		{35BEE1D0-B47F-4CFE-8C7D-BAD27E37F4C6}.Debug|Any CPU.ActiveCfg = Debug|Any CPU
		{35BEE1D0-B47F-4CFE-8C7D-BAD27E37F4C6}.Debug|Any CPU.Build.0 = Debug|Any CPU
		{35BEE1D0-B47F-4CFE-8C7D-BAD27E37F4C6}.Debug|ARM.ActiveCfg = Debug|Any CPU
		{35BEE1D0-B47F-4CFE-8C7D-BAD27E37F4C6}.Debug|ARM.Build.0 = Debug|Any CPU
		{35BEE1D0-B47F-4CFE-8C7D-BAD27E37F4C6}.Debug|iPhone.ActiveCfg = Debug|Any CPU
		{35BEE1D0-B47F-4CFE-8C7D-BAD27E37F4C6}.Debug|iPhone.Build.0 = Debug|Any CPU
		{35BEE1D0-B47F-4CFE-8C7D-BAD27E37F4C6}.Debug|iPhoneSimulator.ActiveCfg = Debug|Any CPU
		{35BEE1D0-B47F-4CFE-8C7D-BAD27E37F4C6}.Debug|iPhoneSimulator.Build.0 = Debug|Any CPU
		{35BEE1D0-B47F-4CFE-8C7D-BAD27E37F4C6}.Debug|x64.ActiveCfg = Debug|Any CPU
		{35BEE1D0-B47F-4CFE-8C7D-BAD27E37F4C6}.Debug|x64.Build.0 = Debug|Any CPU
		{35BEE1D0-B47F-4CFE-8C7D-BAD27E37F4C6}.Debug|x86.ActiveCfg = Debug|Any CPU
		{35BEE1D0-B47F-4CFE-8C7D-BAD27E37F4C6}.Debug|x86.Build.0 = Debug|Any CPU
		{35BEE1D0-B47F-4CFE-8C7D-BAD27E37F4C6}.Release|Any CPU.ActiveCfg = Release|Any CPU
		{35BEE1D0-B47F-4CFE-8C7D-BAD27E37F4C6}.Release|Any CPU.Build.0 = Release|Any CPU
		{35BEE1D0-B47F-4CFE-8C7D-BAD27E37F4C6}.Release|ARM.ActiveCfg = Release|Any CPU
		{35BEE1D0-B47F-4CFE-8C7D-BAD27E37F4C6}.Release|ARM.Build.0 = Release|Any CPU
		{35BEE1D0-B47F-4CFE-8C7D-BAD27E37F4C6}.Release|iPhone.ActiveCfg = Release|Any CPU
		{35BEE1D0-B47F-4CFE-8C7D-BAD27E37F4C6}.Release|iPhone.Build.0 = Release|Any CPU
		{35BEE1D0-B47F-4CFE-8C7D-BAD27E37F4C6}.Release|iPhoneSimulator.ActiveCfg = Release|Any CPU
		{35BEE1D0-B47F-4CFE-8C7D-BAD27E37F4C6}.Release|iPhoneSimulator.Build.0 = Release|Any CPU
		{35BEE1D0-B47F-4CFE-8C7D-BAD27E37F4C6}.Release|x64.ActiveCfg = Release|Any CPU
		{35BEE1D0-B47F-4CFE-8C7D-BAD27E37F4C6}.Release|x64.Build.0 = Release|Any CPU
		{35BEE1D0-B47F-4CFE-8C7D-BAD27E37F4C6}.Release|x86.ActiveCfg = Release|Any CPU
		{35BEE1D0-B47F-4CFE-8C7D-BAD27E37F4C6}.Release|x86.Build.0 = Release|Any CPU
		{AEFE5130-7D59-4021-AF27-9FCA0FF5D3C2}.Ad-Hoc|Any CPU.ActiveCfg = Release|Any CPU
		{AEFE5130-7D59-4021-AF27-9FCA0FF5D3C2}.Ad-Hoc|Any CPU.Build.0 = Release|Any CPU
		{AEFE5130-7D59-4021-AF27-9FCA0FF5D3C2}.Ad-Hoc|ARM.ActiveCfg = Release|Any CPU
		{AEFE5130-7D59-4021-AF27-9FCA0FF5D3C2}.Ad-Hoc|ARM.Build.0 = Release|Any CPU
		{AEFE5130-7D59-4021-AF27-9FCA0FF5D3C2}.Ad-Hoc|iPhone.ActiveCfg = Release|Any CPU
		{AEFE5130-7D59-4021-AF27-9FCA0FF5D3C2}.Ad-Hoc|iPhone.Build.0 = Release|Any CPU
		{AEFE5130-7D59-4021-AF27-9FCA0FF5D3C2}.Ad-Hoc|iPhoneSimulator.ActiveCfg = Release|Any CPU
		{AEFE5130-7D59-4021-AF27-9FCA0FF5D3C2}.Ad-Hoc|iPhoneSimulator.Build.0 = Release|Any CPU
		{AEFE5130-7D59-4021-AF27-9FCA0FF5D3C2}.Ad-Hoc|x64.ActiveCfg = Release|Any CPU
		{AEFE5130-7D59-4021-AF27-9FCA0FF5D3C2}.Ad-Hoc|x64.Build.0 = Release|Any CPU
		{AEFE5130-7D59-4021-AF27-9FCA0FF5D3C2}.Ad-Hoc|x86.ActiveCfg = Release|Any CPU
		{AEFE5130-7D59-4021-AF27-9FCA0FF5D3C2}.Ad-Hoc|x86.Build.0 = Release|Any CPU
		{AEFE5130-7D59-4021-AF27-9FCA0FF5D3C2}.AppStore|Any CPU.ActiveCfg = Release|Any CPU
		{AEFE5130-7D59-4021-AF27-9FCA0FF5D3C2}.AppStore|Any CPU.Build.0 = Release|Any CPU
		{AEFE5130-7D59-4021-AF27-9FCA0FF5D3C2}.AppStore|ARM.ActiveCfg = Release|Any CPU
		{AEFE5130-7D59-4021-AF27-9FCA0FF5D3C2}.AppStore|ARM.Build.0 = Release|Any CPU
		{AEFE5130-7D59-4021-AF27-9FCA0FF5D3C2}.AppStore|iPhone.ActiveCfg = Release|Any CPU
		{AEFE5130-7D59-4021-AF27-9FCA0FF5D3C2}.AppStore|iPhone.Build.0 = Release|Any CPU
		{AEFE5130-7D59-4021-AF27-9FCA0FF5D3C2}.AppStore|iPhoneSimulator.ActiveCfg = Release|Any CPU
		{AEFE5130-7D59-4021-AF27-9FCA0FF5D3C2}.AppStore|iPhoneSimulator.Build.0 = Release|Any CPU
		{AEFE5130-7D59-4021-AF27-9FCA0FF5D3C2}.AppStore|x64.ActiveCfg = Release|Any CPU
		{AEFE5130-7D59-4021-AF27-9FCA0FF5D3C2}.AppStore|x64.Build.0 = Release|Any CPU
		{AEFE5130-7D59-4021-AF27-9FCA0FF5D3C2}.AppStore|x86.ActiveCfg = Release|Any CPU
		{AEFE5130-7D59-4021-AF27-9FCA0FF5D3C2}.AppStore|x86.Build.0 = Release|Any CPU
		{AEFE5130-7D59-4021-AF27-9FCA0FF5D3C2}.Debug|Any CPU.ActiveCfg = Debug|Any CPU
		{AEFE5130-7D59-4021-AF27-9FCA0FF5D3C2}.Debug|Any CPU.Build.0 = Debug|Any CPU
		{AEFE5130-7D59-4021-AF27-9FCA0FF5D3C2}.Debug|ARM.ActiveCfg = Debug|Any CPU
		{AEFE5130-7D59-4021-AF27-9FCA0FF5D3C2}.Debug|ARM.Build.0 = Debug|Any CPU
		{AEFE5130-7D59-4021-AF27-9FCA0FF5D3C2}.Debug|iPhone.ActiveCfg = Debug|Any CPU
		{AEFE5130-7D59-4021-AF27-9FCA0FF5D3C2}.Debug|iPhone.Build.0 = Debug|Any CPU
		{AEFE5130-7D59-4021-AF27-9FCA0FF5D3C2}.Debug|iPhoneSimulator.ActiveCfg = Debug|Any CPU
		{AEFE5130-7D59-4021-AF27-9FCA0FF5D3C2}.Debug|iPhoneSimulator.Build.0 = Debug|Any CPU
		{AEFE5130-7D59-4021-AF27-9FCA0FF5D3C2}.Debug|x64.ActiveCfg = Debug|Any CPU
		{AEFE5130-7D59-4021-AF27-9FCA0FF5D3C2}.Debug|x64.Build.0 = Debug|Any CPU
		{AEFE5130-7D59-4021-AF27-9FCA0FF5D3C2}.Debug|x86.ActiveCfg = Debug|Any CPU
		{AEFE5130-7D59-4021-AF27-9FCA0FF5D3C2}.Debug|x86.Build.0 = Debug|Any CPU
		{AEFE5130-7D59-4021-AF27-9FCA0FF5D3C2}.Release|Any CPU.ActiveCfg = Release|Any CPU
		{AEFE5130-7D59-4021-AF27-9FCA0FF5D3C2}.Release|Any CPU.Build.0 = Release|Any CPU
		{AEFE5130-7D59-4021-AF27-9FCA0FF5D3C2}.Release|ARM.ActiveCfg = Release|Any CPU
		{AEFE5130-7D59-4021-AF27-9FCA0FF5D3C2}.Release|ARM.Build.0 = Release|Any CPU
		{AEFE5130-7D59-4021-AF27-9FCA0FF5D3C2}.Release|iPhone.ActiveCfg = Release|Any CPU
		{AEFE5130-7D59-4021-AF27-9FCA0FF5D3C2}.Release|iPhone.Build.0 = Release|Any CPU
		{AEFE5130-7D59-4021-AF27-9FCA0FF5D3C2}.Release|iPhoneSimulator.ActiveCfg = Release|Any CPU
		{AEFE5130-7D59-4021-AF27-9FCA0FF5D3C2}.Release|iPhoneSimulator.Build.0 = Release|Any CPU
		{AEFE5130-7D59-4021-AF27-9FCA0FF5D3C2}.Release|x64.ActiveCfg = Release|Any CPU
		{AEFE5130-7D59-4021-AF27-9FCA0FF5D3C2}.Release|x64.Build.0 = Release|Any CPU
		{AEFE5130-7D59-4021-AF27-9FCA0FF5D3C2}.Release|x86.ActiveCfg = Release|Any CPU
		{AEFE5130-7D59-4021-AF27-9FCA0FF5D3C2}.Release|x86.Build.0 = Release|Any CPU
		{3A07E362-AE85-4ECF-A95A-2561E672213A}.Ad-Hoc|Any CPU.ActiveCfg = Release|Any CPU
		{3A07E362-AE85-4ECF-A95A-2561E672213A}.Ad-Hoc|Any CPU.Build.0 = Release|Any CPU
		{3A07E362-AE85-4ECF-A95A-2561E672213A}.Ad-Hoc|ARM.ActiveCfg = Release|Any CPU
		{3A07E362-AE85-4ECF-A95A-2561E672213A}.Ad-Hoc|ARM.Build.0 = Release|Any CPU
		{3A07E362-AE85-4ECF-A95A-2561E672213A}.Ad-Hoc|iPhone.ActiveCfg = Release|Any CPU
		{3A07E362-AE85-4ECF-A95A-2561E672213A}.Ad-Hoc|iPhone.Build.0 = Release|Any CPU
		{3A07E362-AE85-4ECF-A95A-2561E672213A}.Ad-Hoc|iPhoneSimulator.ActiveCfg = Release|Any CPU
		{3A07E362-AE85-4ECF-A95A-2561E672213A}.Ad-Hoc|iPhoneSimulator.Build.0 = Release|Any CPU
		{3A07E362-AE85-4ECF-A95A-2561E672213A}.Ad-Hoc|x64.ActiveCfg = Release|Any CPU
		{3A07E362-AE85-4ECF-A95A-2561E672213A}.Ad-Hoc|x64.Build.0 = Release|Any CPU
		{3A07E362-AE85-4ECF-A95A-2561E672213A}.Ad-Hoc|x86.ActiveCfg = Release|Any CPU
		{3A07E362-AE85-4ECF-A95A-2561E672213A}.Ad-Hoc|x86.Build.0 = Release|Any CPU
		{3A07E362-AE85-4ECF-A95A-2561E672213A}.AppStore|Any CPU.ActiveCfg = Release|Any CPU
		{3A07E362-AE85-4ECF-A95A-2561E672213A}.AppStore|Any CPU.Build.0 = Release|Any CPU
		{3A07E362-AE85-4ECF-A95A-2561E672213A}.AppStore|ARM.ActiveCfg = Release|Any CPU
		{3A07E362-AE85-4ECF-A95A-2561E672213A}.AppStore|ARM.Build.0 = Release|Any CPU
		{3A07E362-AE85-4ECF-A95A-2561E672213A}.AppStore|iPhone.ActiveCfg = Release|Any CPU
		{3A07E362-AE85-4ECF-A95A-2561E672213A}.AppStore|iPhone.Build.0 = Release|Any CPU
		{3A07E362-AE85-4ECF-A95A-2561E672213A}.AppStore|iPhoneSimulator.ActiveCfg = Release|Any CPU
		{3A07E362-AE85-4ECF-A95A-2561E672213A}.AppStore|iPhoneSimulator.Build.0 = Release|Any CPU
		{3A07E362-AE85-4ECF-A95A-2561E672213A}.AppStore|x64.ActiveCfg = Release|Any CPU
		{3A07E362-AE85-4ECF-A95A-2561E672213A}.AppStore|x64.Build.0 = Release|Any CPU
		{3A07E362-AE85-4ECF-A95A-2561E672213A}.AppStore|x86.ActiveCfg = Release|Any CPU
		{3A07E362-AE85-4ECF-A95A-2561E672213A}.AppStore|x86.Build.0 = Release|Any CPU
		{3A07E362-AE85-4ECF-A95A-2561E672213A}.Debug|Any CPU.ActiveCfg = Debug|Any CPU
		{3A07E362-AE85-4ECF-A95A-2561E672213A}.Debug|Any CPU.Build.0 = Debug|Any CPU
		{3A07E362-AE85-4ECF-A95A-2561E672213A}.Debug|ARM.ActiveCfg = Debug|Any CPU
		{3A07E362-AE85-4ECF-A95A-2561E672213A}.Debug|ARM.Build.0 = Debug|Any CPU
		{3A07E362-AE85-4ECF-A95A-2561E672213A}.Debug|iPhone.ActiveCfg = Debug|Any CPU
		{3A07E362-AE85-4ECF-A95A-2561E672213A}.Debug|iPhone.Build.0 = Debug|Any CPU
		{3A07E362-AE85-4ECF-A95A-2561E672213A}.Debug|iPhoneSimulator.ActiveCfg = Debug|Any CPU
		{3A07E362-AE85-4ECF-A95A-2561E672213A}.Debug|iPhoneSimulator.Build.0 = Debug|Any CPU
		{3A07E362-AE85-4ECF-A95A-2561E672213A}.Debug|x64.ActiveCfg = Debug|Any CPU
		{3A07E362-AE85-4ECF-A95A-2561E672213A}.Debug|x64.Build.0 = Debug|Any CPU
		{3A07E362-AE85-4ECF-A95A-2561E672213A}.Debug|x86.ActiveCfg = Debug|Any CPU
		{3A07E362-AE85-4ECF-A95A-2561E672213A}.Debug|x86.Build.0 = Debug|Any CPU
		{3A07E362-AE85-4ECF-A95A-2561E672213A}.Release|Any CPU.ActiveCfg = Release|Any CPU
		{3A07E362-AE85-4ECF-A95A-2561E672213A}.Release|Any CPU.Build.0 = Release|Any CPU
		{3A07E362-AE85-4ECF-A95A-2561E672213A}.Release|ARM.ActiveCfg = Release|Any CPU
		{3A07E362-AE85-4ECF-A95A-2561E672213A}.Release|ARM.Build.0 = Release|Any CPU
		{3A07E362-AE85-4ECF-A95A-2561E672213A}.Release|iPhone.ActiveCfg = Release|Any CPU
		{3A07E362-AE85-4ECF-A95A-2561E672213A}.Release|iPhone.Build.0 = Release|Any CPU
		{3A07E362-AE85-4ECF-A95A-2561E672213A}.Release|iPhoneSimulator.ActiveCfg = Release|Any CPU
		{3A07E362-AE85-4ECF-A95A-2561E672213A}.Release|iPhoneSimulator.Build.0 = Release|Any CPU
		{3A07E362-AE85-4ECF-A95A-2561E672213A}.Release|x64.ActiveCfg = Release|Any CPU
		{3A07E362-AE85-4ECF-A95A-2561E672213A}.Release|x64.Build.0 = Release|Any CPU
		{3A07E362-AE85-4ECF-A95A-2561E672213A}.Release|x86.ActiveCfg = Release|Any CPU
		{3A07E362-AE85-4ECF-A95A-2561E672213A}.Release|x86.Build.0 = Release|Any CPU
		{E52AB878-CA1D-4CC7-AABC-D1C6EE437A4D}.Ad-Hoc|Any CPU.ActiveCfg = Release|Any CPU
		{E52AB878-CA1D-4CC7-AABC-D1C6EE437A4D}.Ad-Hoc|Any CPU.Build.0 = Release|Any CPU
		{E52AB878-CA1D-4CC7-AABC-D1C6EE437A4D}.Ad-Hoc|ARM.ActiveCfg = Release|Any CPU
		{E52AB878-CA1D-4CC7-AABC-D1C6EE437A4D}.Ad-Hoc|ARM.Build.0 = Release|Any CPU
		{E52AB878-CA1D-4CC7-AABC-D1C6EE437A4D}.Ad-Hoc|iPhone.ActiveCfg = Release|Any CPU
		{E52AB878-CA1D-4CC7-AABC-D1C6EE437A4D}.Ad-Hoc|iPhone.Build.0 = Release|Any CPU
		{E52AB878-CA1D-4CC7-AABC-D1C6EE437A4D}.Ad-Hoc|iPhoneSimulator.ActiveCfg = Release|Any CPU
		{E52AB878-CA1D-4CC7-AABC-D1C6EE437A4D}.Ad-Hoc|iPhoneSimulator.Build.0 = Release|Any CPU
		{E52AB878-CA1D-4CC7-AABC-D1C6EE437A4D}.Ad-Hoc|x64.ActiveCfg = Release|Any CPU
		{E52AB878-CA1D-4CC7-AABC-D1C6EE437A4D}.Ad-Hoc|x64.Build.0 = Release|Any CPU
		{E52AB878-CA1D-4CC7-AABC-D1C6EE437A4D}.Ad-Hoc|x86.ActiveCfg = Release|Any CPU
		{E52AB878-CA1D-4CC7-AABC-D1C6EE437A4D}.Ad-Hoc|x86.Build.0 = Release|Any CPU
		{E52AB878-CA1D-4CC7-AABC-D1C6EE437A4D}.AppStore|Any CPU.ActiveCfg = Release|Any CPU
		{E52AB878-CA1D-4CC7-AABC-D1C6EE437A4D}.AppStore|Any CPU.Build.0 = Release|Any CPU
		{E52AB878-CA1D-4CC7-AABC-D1C6EE437A4D}.AppStore|ARM.ActiveCfg = Release|Any CPU
		{E52AB878-CA1D-4CC7-AABC-D1C6EE437A4D}.AppStore|ARM.Build.0 = Release|Any CPU
		{E52AB878-CA1D-4CC7-AABC-D1C6EE437A4D}.AppStore|iPhone.ActiveCfg = Release|Any CPU
		{E52AB878-CA1D-4CC7-AABC-D1C6EE437A4D}.AppStore|iPhone.Build.0 = Release|Any CPU
		{E52AB878-CA1D-4CC7-AABC-D1C6EE437A4D}.AppStore|iPhoneSimulator.ActiveCfg = Release|Any CPU
		{E52AB878-CA1D-4CC7-AABC-D1C6EE437A4D}.AppStore|iPhoneSimulator.Build.0 = Release|Any CPU
		{E52AB878-CA1D-4CC7-AABC-D1C6EE437A4D}.AppStore|x64.ActiveCfg = Release|Any CPU
		{E52AB878-CA1D-4CC7-AABC-D1C6EE437A4D}.AppStore|x64.Build.0 = Release|Any CPU
		{E52AB878-CA1D-4CC7-AABC-D1C6EE437A4D}.AppStore|x86.ActiveCfg = Release|Any CPU
		{E52AB878-CA1D-4CC7-AABC-D1C6EE437A4D}.AppStore|x86.Build.0 = Release|Any CPU
		{E52AB878-CA1D-4CC7-AABC-D1C6EE437A4D}.Debug|Any CPU.ActiveCfg = Debug|Any CPU
		{E52AB878-CA1D-4CC7-AABC-D1C6EE437A4D}.Debug|Any CPU.Build.0 = Debug|Any CPU
		{E52AB878-CA1D-4CC7-AABC-D1C6EE437A4D}.Debug|ARM.ActiveCfg = Debug|Any CPU
		{E52AB878-CA1D-4CC7-AABC-D1C6EE437A4D}.Debug|ARM.Build.0 = Debug|Any CPU
		{E52AB878-CA1D-4CC7-AABC-D1C6EE437A4D}.Debug|iPhone.ActiveCfg = Debug|Any CPU
		{E52AB878-CA1D-4CC7-AABC-D1C6EE437A4D}.Debug|iPhone.Build.0 = Debug|Any CPU
		{E52AB878-CA1D-4CC7-AABC-D1C6EE437A4D}.Debug|iPhoneSimulator.ActiveCfg = Debug|Any CPU
		{E52AB878-CA1D-4CC7-AABC-D1C6EE437A4D}.Debug|iPhoneSimulator.Build.0 = Debug|Any CPU
		{E52AB878-CA1D-4CC7-AABC-D1C6EE437A4D}.Debug|x64.ActiveCfg = Debug|Any CPU
		{E52AB878-CA1D-4CC7-AABC-D1C6EE437A4D}.Debug|x64.Build.0 = Debug|Any CPU
		{E52AB878-CA1D-4CC7-AABC-D1C6EE437A4D}.Debug|x86.ActiveCfg = Debug|Any CPU
		{E52AB878-CA1D-4CC7-AABC-D1C6EE437A4D}.Debug|x86.Build.0 = Debug|Any CPU
		{E52AB878-CA1D-4CC7-AABC-D1C6EE437A4D}.Release|Any CPU.ActiveCfg = Release|Any CPU
		{E52AB878-CA1D-4CC7-AABC-D1C6EE437A4D}.Release|Any CPU.Build.0 = Release|Any CPU
		{E52AB878-CA1D-4CC7-AABC-D1C6EE437A4D}.Release|ARM.ActiveCfg = Release|Any CPU
		{E52AB878-CA1D-4CC7-AABC-D1C6EE437A4D}.Release|ARM.Build.0 = Release|Any CPU
		{E52AB878-CA1D-4CC7-AABC-D1C6EE437A4D}.Release|iPhone.ActiveCfg = Release|Any CPU
		{E52AB878-CA1D-4CC7-AABC-D1C6EE437A4D}.Release|iPhone.Build.0 = Release|Any CPU
		{E52AB878-CA1D-4CC7-AABC-D1C6EE437A4D}.Release|iPhoneSimulator.ActiveCfg = Release|Any CPU
		{E52AB878-CA1D-4CC7-AABC-D1C6EE437A4D}.Release|iPhoneSimulator.Build.0 = Release|Any CPU
		{E52AB878-CA1D-4CC7-AABC-D1C6EE437A4D}.Release|x64.ActiveCfg = Release|Any CPU
		{E52AB878-CA1D-4CC7-AABC-D1C6EE437A4D}.Release|x64.Build.0 = Release|Any CPU
		{E52AB878-CA1D-4CC7-AABC-D1C6EE437A4D}.Release|x86.ActiveCfg = Release|Any CPU
		{E52AB878-CA1D-4CC7-AABC-D1C6EE437A4D}.Release|x86.Build.0 = Release|Any CPU
	EndGlobalSection
	GlobalSection(SolutionProperties) = preSolution
		HideSolutionNode = FALSE
	EndGlobalSection
EndGlobal
